
Microsoft Visual Studio Solution File, Format Version 12.00
Project("{FAE04EC0-301F-11D3-BF4B-00C04F79EFBC}") = "UserService", "UserService\UserService.csproj", "{C3A9C3CA-44C6-4206-B97D-AF772827D28F}"
EndProject
Global
	GlobalSection(SolutionConfigurationPlatforms) = preSolution
		Debug|Any CPU = Debug|Any CPU
		Release|Any CPU = Release|Any CPU
	EndGlobalSection
	GlobalSection(ProjectConfigurationPlatforms) = postSolution
		{C3A9C3CA-44C6-4206-B97D-AF772827D28F}.Debug|Any CPU.ActiveCfg = Debug|Any CPU
		{C3A9C3CA-44C6-4206-B97D-AF772827D28F}.Debug|Any CPU.Build.0 = Debug|Any CPU
		{C3A9C3CA-44C6-4206-B97D-AF772827D28F}.Release|Any CPU.ActiveCfg = Release|Any CPU
		{C3A9C3CA-44C6-4206-B97D-AF772827D28F}.Release|Any CPU.Build.0 = Release|Any CPU
	EndGlobalSection
EndGlobal
